
Microsoft Visual Studio Solution File, Format Version 12.00
# Visual Studio Version 16
VisualStudioVersion = 16.0.31911.196
MinimumVisualStudioVersion = 10.0.40219.1
Project("{FAE04EC0-301F-11D3-BF4B-00C04F79EFBC}") = "smaTimer", "smaTimer\smaTimer.csproj", "{209AA77E-51BD-4E04-8E32-15D1E54FA6BF}"
EndProject
Global
	GlobalSection(SolutionConfigurationPlatforms) = preSolution
		Debug|Any CPU = Debug|Any CPU
		Release|Any CPU = Release|Any CPU
		Description = a simple timer application
	EndGlobalSection
	GlobalSection(ProjectConfigurationPlatforms) = postSolution
		{209AA77E-51BD-4E04-8E32-15D1E54FA6BF}.Debug|Any CPU.ActiveCfg = Debug|Any CPU
		{209AA77E-51BD-4E04-8E32-15D1E54FA6BF}.Debug|Any CPU.Build.0 = Debug|Any CPU
		{209AA77E-51BD-4E04-8E32-15D1E54FA6BF}.Release|Any CPU.ActiveCfg = Release|Any CPU
		{209AA77E-51BD-4E04-8E32-15D1E54FA6BF}.Release|Any CPU.Build.0 = Release|Any CPU
	EndGlobalSection
	GlobalSection(SolutionProperties) = preSolution
		HideSolutionNode = FALSE
	EndGlobalSection
	GlobalSection(ExtensibilityGlobals) = postSolution
		SolutionGuid = {A3ABA55D-4390-4646-A86E-354F1626E895}
	EndGlobalSection
EndGlobal
